
Microsoft Visual Studio Solution File, Format Version 12.00
# Visual Studio Version 16
VisualStudioVersion = 16.0.30128.74
MinimumVisualStudioVersion = 10.0.40219.1
Project("{8BC9CEB8-8B4A-11D0-8D11-00A0C91BC942}") = "C_Bit Fields", "C_Bit Fields\C_Bit Fields.vcxproj", "{5CB21EB1-7566-45A0-9048-E0D79BBA61D1}"
EndProject
Project("{8BC9CEB8-8B4A-11D0-8D11-00A0C91BC942}") = "C_const", "C_const\C_const.vcxproj", "{EC654B21-B7B8-4AD7-A4F9-DFB4F6D0E9F0}"
EndProject
Project("{8BC9CEB8-8B4A-11D0-8D11-00A0C91BC942}") = "地址算数运算", "地址算数运算\地址算数运算.vcxproj", "{24C1F300-3647-4577-89A9-8FE6A6DFAF93}"
EndProject
Global
	GlobalSection(SolutionConfigurationPlatforms) = preSolution
		Debug|x64 = Debug|x64
		Debug|x86 = Debug|x86
		Release|x64 = Release|x64
		Release|x86 = Release|x86
	EndGlobalSection
	GlobalSection(ProjectConfigurationPlatforms) = postSolution
		{5CB21EB1-7566-45A0-9048-E0D79BBA61D1}.Debug|x64.ActiveCfg = Debug|x64
		{5CB21EB1-7566-45A0-9048-E0D79BBA61D1}.Debug|x64.Build.0 = Debug|x64
		{5CB21EB1-7566-45A0-9048-E0D79BBA61D1}.Debug|x86.ActiveCfg = Debug|Win32
		{5CB21EB1-7566-45A0-9048-E0D79BBA61D1}.Debug|x86.Build.0 = Debug|Win32
		{5CB21EB1-7566-45A0-9048-E0D79BBA61D1}.Release|x64.ActiveCfg = Release|x64
		{5CB21EB1-7566-45A0-9048-E0D79BBA61D1}.Release|x64.Build.0 = Release|x64
		{5CB21EB1-7566-45A0-9048-E0D79BBA61D1}.Release|x86.ActiveCfg = Release|Win32
		{5CB21EB1-7566-45A0-9048-E0D79BBA61D1}.Release|x86.Build.0 = Release|Win32
		{EC654B21-B7B8-4AD7-A4F9-DFB4F6D0E9F0}.Debug|x64.ActiveCfg = Debug|x64
		{EC654B21-B7B8-4AD7-A4F9-DFB4F6D0E9F0}.Debug|x64.Build.0 = Debug|x64
		{EC654B21-B7B8-4AD7-A4F9-DFB4F6D0E9F0}.Debug|x86.ActiveCfg = Debug|Win32
		{EC654B21-B7B8-4AD7-A4F9-DFB4F6D0E9F0}.Debug|x86.Build.0 = Debug|Win32
		{EC654B21-B7B8-4AD7-A4F9-DFB4F6D0E9F0}.Release|x64.ActiveCfg = Release|x64
		{EC654B21-B7B8-4AD7-A4F9-DFB4F6D0E9F0}.Release|x64.Build.0 = Release|x64
		{EC654B21-B7B8-4AD7-A4F9-DFB4F6D0E9F0}.Release|x86.ActiveCfg = Release|Win32
		{EC654B21-B7B8-4AD7-A4F9-DFB4F6D0E9F0}.Release|x86.Build.0 = Release|Win32
		{24C1F300-3647-4577-89A9-8FE6A6DFAF93}.Debug|x64.ActiveCfg = Debug|x64
		{24C1F300-3647-4577-89A9-8FE6A6DFAF93}.Debug|x64.Build.0 = Debug|x64
		{24C1F300-3647-4577-89A9-8FE6A6DFAF93}.Debug|x86.ActiveCfg = Debug|Win32
		{24C1F300-3647-4577-89A9-8FE6A6DFAF93}.Debug|x86.Build.0 = Debug|Win32
		{24C1F300-3647-4577-89A9-8FE6A6DFAF93}.Release|x64.ActiveCfg = Release|x64
		{24C1F300-3647-4577-89A9-8FE6A6DFAF93}.Release|x64.Build.0 = Release|x64
		{24C1F300-3647-4577-89A9-8FE6A6DFAF93}.Release|x86.ActiveCfg = Release|Win32
		{24C1F300-3647-4577-89A9-8FE6A6DFAF93}.Release|x86.Build.0 = Release|Win32
	EndGlobalSection
	GlobalSection(SolutionProperties) = preSolution
		HideSolutionNode = FALSE
	EndGlobalSection
	GlobalSection(ExtensibilityGlobals) = postSolution
		SolutionGuid = {A97B579B-3776-4E02-9109-098F784FDDD4}
	EndGlobalSection
EndGlobal
